
Microsoft Visual Studio Solution File, Format Version 12.00
Project("{FAE04EC0-301F-11D3-BF4B-00C04F79EFBC}") = "KeycloakSample", "KeycloakSample\KeycloakSample.csproj", "{B1E28521-0626-4BBB-9127-7F08B28B797F}"
EndProject
Project("{FAE04EC0-301F-11D3-BF4B-00C04F79EFBC}") = "KeycloakSampleMvc", "KeycloakSampleMvc\KeycloakSampleMvc.csproj", "{51EEE077-A6D8-4E1B-8883-915A984B69BE}"
EndProject
Global
	GlobalSection(SolutionConfigurationPlatforms) = preSolution
		Debug|Any CPU = Debug|Any CPU
		Release|Any CPU = Release|Any CPU
	EndGlobalSection
	GlobalSection(ProjectConfigurationPlatforms) = postSolution
		{B1E28521-0626-4BBB-9127-7F08B28B797F}.Debug|Any CPU.ActiveCfg = Debug|Any CPU
		{B1E28521-0626-4BBB-9127-7F08B28B797F}.Debug|Any CPU.Build.0 = Debug|Any CPU
		{B1E28521-0626-4BBB-9127-7F08B28B797F}.Release|Any CPU.ActiveCfg = Release|Any CPU
		{B1E28521-0626-4BBB-9127-7F08B28B797F}.Release|Any CPU.Build.0 = Release|Any CPU
		{51EEE077-A6D8-4E1B-8883-915A984B69BE}.Debug|Any CPU.ActiveCfg = Debug|Any CPU
		{51EEE077-A6D8-4E1B-8883-915A984B69BE}.Debug|Any CPU.Build.0 = Debug|Any CPU
		{51EEE077-A6D8-4E1B-8883-915A984B69BE}.Release|Any CPU.ActiveCfg = Release|Any CPU
		{51EEE077-A6D8-4E1B-8883-915A984B69BE}.Release|Any CPU.Build.0 = Release|Any CPU
	EndGlobalSection
EndGlobal
